
Microsoft Visual Studio Solution File, Format Version 12.00
# Visual Studio Version 17
VisualStudioVersion = 17.0.31919.166
MinimumVisualStudioVersion = 10.0.40219.1
Project("{2150E333-8FDC-42A3-9474-1A3956D46DE8}") = "Src", "Src", "{A07E4178-ABFA-495E-9BC7-D41CE66AA563}"
EndProject
Project("{9A19103F-16F7-4668-BE54-9A1E7A4F7556}") = "Sam.FileTableFramework", "Src\Sam.FileTableFramework\Sam.FileTableFramework.csproj", "{6375D057-F0DF-4DCE-9653-83A96E84B409}"
EndProject
Project("{9A19103F-16F7-4668-BE54-9A1E7A4F7556}") = "Sam.Persistence", "Src\Sam.Persistence\Sam.Persistence.csproj", "{A691925D-EBBA-4067-A0FC-9D47E938E87B}"
EndProject
Project("{FAE04EC0-301F-11D3-BF4B-00C04F79EFBC}") = "Sam.EndPoint.ConsoleApp", "Src\Sam.EndPoint.ConsoleApp\Sam.EndPoint.ConsoleApp.csproj", "{57600945-E384-4695-8066-A1E8D3E61D77}"
EndProject
Project("{FAE04EC0-301F-11D3-BF4B-00C04F79EFBC}") = "Sam.EndPoint.WebApi", "Src\Sam.EndPoint.WebApi\Sam.EndPoint.WebApi.csproj", "{017A2424-5CA7-425C-BA44-6B5DF0A506C3}"
EndProject
Global
	GlobalSection(SolutionConfigurationPlatforms) = preSolution
		Debug|Any CPU = Debug|Any CPU
		Release|Any CPU = Release|Any CPU
	EndGlobalSection
	GlobalSection(ProjectConfigurationPlatforms) = postSolution
		{6375D057-F0DF-4DCE-9653-83A96E84B409}.Debug|Any CPU.ActiveCfg = Debug|Any CPU
		{6375D057-F0DF-4DCE-9653-83A96E84B409}.Debug|Any CPU.Build.0 = Debug|Any CPU
		{6375D057-F0DF-4DCE-9653-83A96E84B409}.Release|Any CPU.ActiveCfg = Release|Any CPU
		{6375D057-F0DF-4DCE-9653-83A96E84B409}.Release|Any CPU.Build.0 = Release|Any CPU
		{A691925D-EBBA-4067-A0FC-9D47E938E87B}.Debug|Any CPU.ActiveCfg = Debug|Any CPU
		{A691925D-EBBA-4067-A0FC-9D47E938E87B}.Debug|Any CPU.Build.0 = Debug|Any CPU
		{A691925D-EBBA-4067-A0FC-9D47E938E87B}.Release|Any CPU.ActiveCfg = Release|Any CPU
		{A691925D-EBBA-4067-A0FC-9D47E938E87B}.Release|Any CPU.Build.0 = Release|Any CPU
		{57600945-E384-4695-8066-A1E8D3E61D77}.Debug|Any CPU.ActiveCfg = Debug|Any CPU
		{57600945-E384-4695-8066-A1E8D3E61D77}.Debug|Any CPU.Build.0 = Debug|Any CPU
		{57600945-E384-4695-8066-A1E8D3E61D77}.Release|Any CPU.ActiveCfg = Release|Any CPU
		{57600945-E384-4695-8066-A1E8D3E61D77}.Release|Any CPU.Build.0 = Release|Any CPU
		{017A2424-5CA7-425C-BA44-6B5DF0A506C3}.Debug|Any CPU.ActiveCfg = Debug|Any CPU
		{017A2424-5CA7-425C-BA44-6B5DF0A506C3}.Debug|Any CPU.Build.0 = Debug|Any CPU
		{017A2424-5CA7-425C-BA44-6B5DF0A506C3}.Release|Any CPU.ActiveCfg = Release|Any CPU
		{017A2424-5CA7-425C-BA44-6B5DF0A506C3}.Release|Any CPU.Build.0 = Release|Any CPU
	EndGlobalSection
	GlobalSection(SolutionProperties) = preSolution
		HideSolutionNode = FALSE
	EndGlobalSection
	GlobalSection(NestedProjects) = preSolution
		{6375D057-F0DF-4DCE-9653-83A96E84B409} = {A07E4178-ABFA-495E-9BC7-D41CE66AA563}
		{A691925D-EBBA-4067-A0FC-9D47E938E87B} = {A07E4178-ABFA-495E-9BC7-D41CE66AA563}
		{57600945-E384-4695-8066-A1E8D3E61D77} = {A07E4178-ABFA-495E-9BC7-D41CE66AA563}
		{017A2424-5CA7-425C-BA44-6B5DF0A506C3} = {A07E4178-ABFA-495E-9BC7-D41CE66AA563}
	EndGlobalSection
	GlobalSection(ExtensibilityGlobals) = postSolution
		SolutionGuid = {8846F0C3-81A6-437C-BC35-83BB4725F44A}
	EndGlobalSection
EndGlobal
